
Microsoft Visual Studio Solution File, Format Version 12.00
# Visual Studio 15
VisualStudioVersion = 15.0.27130.2003
MinimumVisualStudioVersion = 10.0.40219.1
Project("{9A19103F-16F7-4668-BE54-9A1E7A4F7556}") = "NetworkChecker", "NetworkChecker\NetworkChecker.csproj", "{134553A4-12A0-4716-9AB2-DA32D4342BBE}"
EndProject
Project("{9A19103F-16F7-4668-BE54-9A1E7A4F7556}") = "NetworkChecker.DomainModels", "NetworkChecker.DomainModels\NetworkChecker.DomainModels.csproj", "{4D899559-078A-4F2E-BA3E-1C92E4FE0489}"
EndProject
Project("{2150E333-8FDC-42A3-9474-1A3956D46DE8}") = "Tests", "Tests", "{84BFCF01-5FEF-4646-80F0-8CF11A23FD3D}"
EndProject
Project("{9A19103F-16F7-4668-BE54-9A1E7A4F7556}") = "NetworkChecker.CsvWorkerService.Tests", "Tests\NetworkChecker.CsvWorkerService.Tests\NetworkChecker.CsvWorkerService.Tests.csproj", "{556C3047-15CE-4C12-9D01-FE4E77397C75}"
EndProject
Project("{9A19103F-16F7-4668-BE54-9A1E7A4F7556}") = "NetworkChecker.CsvWorkerService", "NetworkChecker.CsvWorkerService\NetworkChecker.CsvWorkerService.csproj", "{293C92ED-178F-4B6D-B460-58DAEF0B43A5}"
EndProject
Project("{9A19103F-16F7-4668-BE54-9A1E7A4F7556}") = "NetworkChecker.NetworkBreakFinder", "NetworkChecker.NetworkBreakFinder\NetworkChecker.NetworkBreakFinder.csproj", "{B0A8449D-282B-487B-8DD6-9683142FCA53}"
EndProject
Project("{9A19103F-16F7-4668-BE54-9A1E7A4F7556}") = "NetworkChecker.NetworkBreakFinder.Tests", "Tests\NetworkChecker.NetworkBreakFinder.Tests\NetworkChecker.NetworkBreakFinder.Tests.csproj", "{F2431337-A3CF-45FF-B7B0-9A37082CF62C}"
EndProject
Global
	GlobalSection(SolutionConfigurationPlatforms) = preSolution
		Debug|Any CPU = Debug|Any CPU
		Release|Any CPU = Release|Any CPU
	EndGlobalSection
	GlobalSection(ProjectConfigurationPlatforms) = postSolution
		{134553A4-12A0-4716-9AB2-DA32D4342BBE}.Debug|Any CPU.ActiveCfg = Debug|Any CPU
		{134553A4-12A0-4716-9AB2-DA32D4342BBE}.Debug|Any CPU.Build.0 = Debug|Any CPU
		{134553A4-12A0-4716-9AB2-DA32D4342BBE}.Release|Any CPU.ActiveCfg = Release|Any CPU
		{134553A4-12A0-4716-9AB2-DA32D4342BBE}.Release|Any CPU.Build.0 = Release|Any CPU
		{4D899559-078A-4F2E-BA3E-1C92E4FE0489}.Debug|Any CPU.ActiveCfg = Debug|Any CPU
		{4D899559-078A-4F2E-BA3E-1C92E4FE0489}.Debug|Any CPU.Build.0 = Debug|Any CPU
		{4D899559-078A-4F2E-BA3E-1C92E4FE0489}.Release|Any CPU.ActiveCfg = Release|Any CPU
		{4D899559-078A-4F2E-BA3E-1C92E4FE0489}.Release|Any CPU.Build.0 = Release|Any CPU
		{556C3047-15CE-4C12-9D01-FE4E77397C75}.Debug|Any CPU.ActiveCfg = Debug|Any CPU
		{556C3047-15CE-4C12-9D01-FE4E77397C75}.Debug|Any CPU.Build.0 = Debug|Any CPU
		{556C3047-15CE-4C12-9D01-FE4E77397C75}.Release|Any CPU.ActiveCfg = Release|Any CPU
		{556C3047-15CE-4C12-9D01-FE4E77397C75}.Release|Any CPU.Build.0 = Release|Any CPU
		{293C92ED-178F-4B6D-B460-58DAEF0B43A5}.Debug|Any CPU.ActiveCfg = Debug|Any CPU
		{293C92ED-178F-4B6D-B460-58DAEF0B43A5}.Debug|Any CPU.Build.0 = Debug|Any CPU
		{293C92ED-178F-4B6D-B460-58DAEF0B43A5}.Release|Any CPU.ActiveCfg = Release|Any CPU
		{293C92ED-178F-4B6D-B460-58DAEF0B43A5}.Release|Any CPU.Build.0 = Release|Any CPU
		{B0A8449D-282B-487B-8DD6-9683142FCA53}.Debug|Any CPU.ActiveCfg = Debug|Any CPU
		{B0A8449D-282B-487B-8DD6-9683142FCA53}.Debug|Any CPU.Build.0 = Debug|Any CPU
		{B0A8449D-282B-487B-8DD6-9683142FCA53}.Release|Any CPU.ActiveCfg = Release|Any CPU
		{B0A8449D-282B-487B-8DD6-9683142FCA53}.Release|Any CPU.Build.0 = Release|Any CPU
		{F2431337-A3CF-45FF-B7B0-9A37082CF62C}.Debug|Any CPU.ActiveCfg = Debug|Any CPU
		{F2431337-A3CF-45FF-B7B0-9A37082CF62C}.Debug|Any CPU.Build.0 = Debug|Any CPU
		{F2431337-A3CF-45FF-B7B0-9A37082CF62C}.Release|Any CPU.ActiveCfg = Release|Any CPU
		{F2431337-A3CF-45FF-B7B0-9A37082CF62C}.Release|Any CPU.Build.0 = Release|Any CPU
	EndGlobalSection
	GlobalSection(SolutionProperties) = preSolution
		HideSolutionNode = FALSE
	EndGlobalSection
	GlobalSection(NestedProjects) = preSolution
		{556C3047-15CE-4C12-9D01-FE4E77397C75} = {84BFCF01-5FEF-4646-80F0-8CF11A23FD3D}
		{F2431337-A3CF-45FF-B7B0-9A37082CF62C} = {84BFCF01-5FEF-4646-80F0-8CF11A23FD3D}
	EndGlobalSection
	GlobalSection(ExtensibilityGlobals) = postSolution
		SolutionGuid = {AB8B8B26-9AB9-438A-8258-205E449BF587}
	EndGlobalSection
EndGlobal
